{
    "_meta": {
        "hash": {
            "sha256": "12b10d258d7b279b4c960c5f0423d4b0b0771000f2b30920020aa74cb37242e4"
        },
        "pipfile-spec": 6,
        "requires": {
            "python_version": "3.6"
        },
        "sources": [
            {
                "name": "pypi",
                "url": "https://pypi.python.org/simple",
                "verify_ssl": true
            }
        ]
    },
    "default": {
        "django": {
            "file": "https://github.com/django/django/archive/stable/2.2.x.tar.gz"
        }
    },
    "develop": {}
}
